
Microsoft Visual Studio Solution File, Format Version 12.00
# Visual Studio 15
VisualStudioVersion = 15.0.28307.329
MinimumVisualStudioVersion = 10.0.40219.1
Project("{FAE04EC0-301F-11D3-BF4B-00C04F79EFBC}") = "Meeting_Organizer", "Meeting_Organizer\Meeting_Organizer.csproj", "{704A0A1A-D29D-4C53-8A80-D98EA82B3812}"
EndProject
Project("{FAE04EC0-301F-11D3-BF4B-00C04F79EFBC}") = "Meeting.Server", "Meeting.Server\Meeting.Server.csproj", "{0FFEFD1B-3790-492D-ADB8-E13DD0EF484A}"
EndProject
Global
	GlobalSection(SolutionConfigurationPlatforms) = preSolution
		Debug|Any CPU = Debug|Any CPU
		Release|Any CPU = Release|Any CPU
	EndGlobalSection
	GlobalSection(ProjectConfigurationPlatforms) = postSolution
		{704A0A1A-D29D-4C53-8A80-D98EA82B3812}.Debug|Any CPU.ActiveCfg = Debug|Any CPU
		{704A0A1A-D29D-4C53-8A80-D98EA82B3812}.Debug|Any CPU.Build.0 = Debug|Any CPU
		{704A0A1A-D29D-4C53-8A80-D98EA82B3812}.Release|Any CPU.ActiveCfg = Release|Any CPU
		{704A0A1A-D29D-4C53-8A80-D98EA82B3812}.Release|Any CPU.Build.0 = Release|Any CPU
		{0FFEFD1B-3790-492D-ADB8-E13DD0EF484A}.Debug|Any CPU.ActiveCfg = Debug|Any CPU
		{0FFEFD1B-3790-492D-ADB8-E13DD0EF484A}.Debug|Any CPU.Build.0 = Debug|Any CPU
		{0FFEFD1B-3790-492D-ADB8-E13DD0EF484A}.Release|Any CPU.ActiveCfg = Release|Any CPU
		{0FFEFD1B-3790-492D-ADB8-E13DD0EF484A}.Release|Any CPU.Build.0 = Release|Any CPU
	EndGlobalSection
	GlobalSection(SolutionProperties) = preSolution
		HideSolutionNode = FALSE
	EndGlobalSection
	GlobalSection(ExtensibilityGlobals) = postSolution
		SolutionGuid = {10DB9F8D-F697-4128-B172-3088C1E9EB29}
	EndGlobalSection
EndGlobal
